
Microsoft Visual Studio Solution File, Format Version 12.00
Project("{FAE04EC0-301F-11D3-BF4B-00C04F79EFBC}") = "TP11", "TP11\TP11.csproj", "{89E34030-F3A0-4DD7-BC6E-F4FB5B6682B7}"
EndProject
Project("{FAE04EC0-301F-11D3-BF4B-00C04F79EFBC}") = "TP12", "TP12\TP12.csproj", "{1F838EA7-F9A1-4A17-9DC1-AB112EA03597}"
EndProject
Project("{FAE04EC0-301F-11D3-BF4B-00C04F79EFBC}") = "TP3", "TP3\TP3.csproj", "{5AEF67A5-BE61-4EE9-A60E-87BBCDB6EFBC}"
EndProject
Project("{FAE04EC0-301F-11D3-BF4B-00C04F79EFBC}") = "TP15", "TP15\TP15.csproj", "{531C63A0-6C19-4F47-B0AD-64714F1DCE0F}"
EndProject
Project("{FAE04EC0-301F-11D3-BF4B-00C04F79EFBC}") = "TP21", "TP21\TP21.csproj", "{907F94CC-9963-4072-BBF7-C0CC054CB190}"
EndProject
Project("{FAE04EC0-301F-11D3-BF4B-00C04F79EFBC}") = "TP22", "TP22\TP22.csproj", "{B9ADD36D-1567-41B1-A6B8-FD466CCE6387}"
EndProject
Project("{FAE04EC0-301F-11D3-BF4B-00C04F79EFBC}") = "TP13", "TP13\TP13.csproj", "{215A8A1A-B336-4ADD-954B-D9BB78AEF57F}"
EndProject
Project("{FAE04EC0-301F-11D3-BF4B-00C04F79EFBC}") = "TP14", "TP14\TP14.csproj", "{FFBCE8F7-8396-4CB8-A21B-F21DFABFAFB3}"
EndProject
Project("{FAE04EC0-301F-11D3-BF4B-00C04F79EFBC}") = "GestionEcol", "GestionEcol\GestionEcol.csproj", "{9221994E-8C95-4745-AABC-7D2124C1FF8E}"
EndProject
Project("{FAE04EC0-301F-11D3-BF4B-00C04F79EFBC}") = "DB.LIB", "DB.LIB\DB.LIB.csproj", "{8086982C-BCD6-4F4B-A578-72411664266C}"
EndProject
Project("{FAE04EC0-301F-11D3-BF4B-00C04F79EFBC}") = "TP4", "TP4\TP4.csproj", "{C11AB537-6806-4579-859D-1B3367921F59}"
EndProject
Global
	GlobalSection(SolutionConfigurationPlatforms) = preSolution
		Debug|Any CPU = Debug|Any CPU
		Release|Any CPU = Release|Any CPU
	EndGlobalSection
	GlobalSection(ProjectConfigurationPlatforms) = postSolution
		{89E34030-F3A0-4DD7-BC6E-F4FB5B6682B7}.Debug|Any CPU.ActiveCfg = Debug|Any CPU
		{89E34030-F3A0-4DD7-BC6E-F4FB5B6682B7}.Debug|Any CPU.Build.0 = Debug|Any CPU
		{89E34030-F3A0-4DD7-BC6E-F4FB5B6682B7}.Release|Any CPU.ActiveCfg = Release|Any CPU
		{89E34030-F3A0-4DD7-BC6E-F4FB5B6682B7}.Release|Any CPU.Build.0 = Release|Any CPU
		{1F838EA7-F9A1-4A17-9DC1-AB112EA03597}.Debug|Any CPU.ActiveCfg = Debug|Any CPU
		{1F838EA7-F9A1-4A17-9DC1-AB112EA03597}.Debug|Any CPU.Build.0 = Debug|Any CPU
		{1F838EA7-F9A1-4A17-9DC1-AB112EA03597}.Release|Any CPU.ActiveCfg = Release|Any CPU
		{1F838EA7-F9A1-4A17-9DC1-AB112EA03597}.Release|Any CPU.Build.0 = Release|Any CPU
		{5AEF67A5-BE61-4EE9-A60E-87BBCDB6EFBC}.Debug|Any CPU.ActiveCfg = Debug|Any CPU
		{5AEF67A5-BE61-4EE9-A60E-87BBCDB6EFBC}.Debug|Any CPU.Build.0 = Debug|Any CPU
		{5AEF67A5-BE61-4EE9-A60E-87BBCDB6EFBC}.Release|Any CPU.ActiveCfg = Release|Any CPU
		{5AEF67A5-BE61-4EE9-A60E-87BBCDB6EFBC}.Release|Any CPU.Build.0 = Release|Any CPU
		{531C63A0-6C19-4F47-B0AD-64714F1DCE0F}.Debug|Any CPU.ActiveCfg = Debug|Any CPU
		{531C63A0-6C19-4F47-B0AD-64714F1DCE0F}.Debug|Any CPU.Build.0 = Debug|Any CPU
		{531C63A0-6C19-4F47-B0AD-64714F1DCE0F}.Release|Any CPU.ActiveCfg = Release|Any CPU
		{531C63A0-6C19-4F47-B0AD-64714F1DCE0F}.Release|Any CPU.Build.0 = Release|Any CPU
		{907F94CC-9963-4072-BBF7-C0CC054CB190}.Debug|Any CPU.ActiveCfg = Debug|Any CPU
		{907F94CC-9963-4072-BBF7-C0CC054CB190}.Debug|Any CPU.Build.0 = Debug|Any CPU
		{907F94CC-9963-4072-BBF7-C0CC054CB190}.Release|Any CPU.ActiveCfg = Release|Any CPU
		{907F94CC-9963-4072-BBF7-C0CC054CB190}.Release|Any CPU.Build.0 = Release|Any CPU
		{B9ADD36D-1567-41B1-A6B8-FD466CCE6387}.Debug|Any CPU.ActiveCfg = Debug|Any CPU
		{B9ADD36D-1567-41B1-A6B8-FD466CCE6387}.Debug|Any CPU.Build.0 = Debug|Any CPU
		{B9ADD36D-1567-41B1-A6B8-FD466CCE6387}.Release|Any CPU.ActiveCfg = Release|Any CPU
		{B9ADD36D-1567-41B1-A6B8-FD466CCE6387}.Release|Any CPU.Build.0 = Release|Any CPU
		{215A8A1A-B336-4ADD-954B-D9BB78AEF57F}.Debug|Any CPU.ActiveCfg = Debug|Any CPU
		{215A8A1A-B336-4ADD-954B-D9BB78AEF57F}.Debug|Any CPU.Build.0 = Debug|Any CPU
		{215A8A1A-B336-4ADD-954B-D9BB78AEF57F}.Release|Any CPU.ActiveCfg = Release|Any CPU
		{215A8A1A-B336-4ADD-954B-D9BB78AEF57F}.Release|Any CPU.Build.0 = Release|Any CPU
		{FFBCE8F7-8396-4CB8-A21B-F21DFABFAFB3}.Debug|Any CPU.ActiveCfg = Debug|Any CPU
		{FFBCE8F7-8396-4CB8-A21B-F21DFABFAFB3}.Debug|Any CPU.Build.0 = Debug|Any CPU
		{FFBCE8F7-8396-4CB8-A21B-F21DFABFAFB3}.Release|Any CPU.ActiveCfg = Release|Any CPU
		{FFBCE8F7-8396-4CB8-A21B-F21DFABFAFB3}.Release|Any CPU.Build.0 = Release|Any CPU
		{9221994E-8C95-4745-AABC-7D2124C1FF8E}.Debug|Any CPU.ActiveCfg = Debug|Any CPU
		{9221994E-8C95-4745-AABC-7D2124C1FF8E}.Debug|Any CPU.Build.0 = Debug|Any CPU
		{9221994E-8C95-4745-AABC-7D2124C1FF8E}.Release|Any CPU.ActiveCfg = Release|Any CPU
		{9221994E-8C95-4745-AABC-7D2124C1FF8E}.Release|Any CPU.Build.0 = Release|Any CPU
		{8086982C-BCD6-4F4B-A578-72411664266C}.Debug|Any CPU.ActiveCfg = Debug|Any CPU
		{8086982C-BCD6-4F4B-A578-72411664266C}.Debug|Any CPU.Build.0 = Debug|Any CPU
		{8086982C-BCD6-4F4B-A578-72411664266C}.Release|Any CPU.ActiveCfg = Release|Any CPU
		{8086982C-BCD6-4F4B-A578-72411664266C}.Release|Any CPU.Build.0 = Release|Any CPU
		{C11AB537-6806-4579-859D-1B3367921F59}.Debug|Any CPU.ActiveCfg = Debug|Any CPU
		{C11AB537-6806-4579-859D-1B3367921F59}.Debug|Any CPU.Build.0 = Debug|Any CPU
		{C11AB537-6806-4579-859D-1B3367921F59}.Release|Any CPU.ActiveCfg = Release|Any CPU
		{C11AB537-6806-4579-859D-1B3367921F59}.Release|Any CPU.Build.0 = Release|Any CPU
	EndGlobalSection
EndGlobal
